// !$*UTF8*$!
{
	archiveVersion = 1;
	classes = {
	};
	objectVersion = 46;
	objects = {

/* Begin PBXBuildFile section */
		397ECA7020C8DD9200285161 /* SYBadgeButton.podspec in Resources */ = {isa = PBXBuildFile; fileRef = 397ECA6F20C8DD9200285161 /* SYBadgeButton.podspec */; };
		399EAAF21EC41DD000B81041 /* AppDelegate.swift in Sources */ = {isa = PBXBuildFile; fileRef = 399EAAF11EC41DD000B81041 /* AppDelegate.swift */; };
		399EAAF41EC41DD000B81041 /* ViewController.swift in Sources */ = {isa = PBXBuildFile; fileRef = 399EAAF31EC41DD000B81041 /* ViewController.swift */; };
		399EAAF71EC41DD000B81041 /* Main.storyboard in Resources */ = {isa = PBXBuildFile; fileRef = 399EAAF51EC41DD000B81041 /* Main.storyboard */; };
		399EAAF91EC41DD000B81041 /* Assets.xcassets in Resources */ = {isa = PBXBuildFile; fileRef = 399EAAF81EC41DD000B81041 /* Assets.xcassets */; };
		399EAAFC1EC41DD000B81041 /* LaunchScreen.storyboard in Resources */ = {isa = PBXBuildFile; fileRef = 399EAAFA1EC41DD000B81041 /* LaunchScreen.storyboard */; };
		399EAB041EC4386000B81041 /* SYBadgeButton.swift in Sources */ = {isa = PBXBuildFile; fileRef = 399EAB031EC4386000B81041 /* SYBadgeButton.swift */; };
/* End PBXBuildFile section */

/* Begin PBXFileReference section */
		397ECA6F20C8DD9200285161 /* SYBadgeButton.podspec */ = {isa = PBXFileReference; fileEncoding = 4; lastKnownFileType = text; path = SYBadgeButton.podspec; sourceTree = SOURCE_ROOT; };
		399EAAEE1EC41DD000B81041 /* SYBadgeButton.app */ = {isa = PBXFileReference; explicitFileType = wrapper.application; includeInIndex = 0; path = SYBadgeButton.app; sourceTree = BUILT_PRODUCTS_DIR; };
		399EAAF11EC41DD000B81041 /* AppDelegate.swift */ = {isa = PBXFileReference; lastKnownFileType = sourcecode.swift; path = AppDelegate.swift; sourceTree = "<group>"; };
		399EAAF31EC41DD000B81041 /* ViewController.swift */ = {isa = PBXFileReference; lastKnownFileType = sourcecode.swift; path = ViewController.swift; sourceTree = "<group>"; };
		399EAAF61EC41DD000B81041 /* Base */ = {isa = PBXFileReference; lastKnownFileType = file.storyboard; name = Base; path = Base.lproj/Main.storyboard; sourceTree = "<group>"; };
		399EAAF81EC41DD000B81041 /* Assets.xcassets */ = {isa = PBXFileReference; lastKnownFileType = folder.assetcatalog; path = Assets.xcassets; sourceTree = "<group>"; };
		399EAAFB1EC41DD000B81041 /* Base */ = {isa = PBXFileReference; lastKnownFileType = file.storyboard; name = Base; path = Base.lproj/LaunchScreen.storyboard; sourceTree = "<group>"; };
		399EAAFD1EC41DD000B81041 /* Info.plist */ = {isa = PBXFileReference; lastKnownFileType = text.plist.xml; path = Info.plist; sourceTree = "<group>"; };
		399EAB031EC4386000B81041 /* SYBadgeButton.swift */ = {isa = PBXFileReference; fileEncoding = 4; lastKnownFileType = sourcecode.swift; path = SYBadgeButton.swift; sourceTree = "<group>"; };
/* End PBXFileReference section */

/* Begin PBXFrameworksBuildPhase section */
		399EAAEB1EC41DD000B81041 /* Frameworks */ = {
			isa = PBXFrameworksBuildPhase;
			buildActionMask = 2147483647;
			files = (
			);
			runOnlyForDeploymentPostprocessing = 0;
		};
/* End PBXFrameworksBuildPhase section */

/* Begin PBXGroup section */
		396B025220BFDA6E00C09B40 /* Classes */ = {
			isa = PBXGroup;
			children = (
				399EAB031EC4386000B81041 /* SYBadgeButton.swift */,
			);
			path = Classes;
			sourceTree = "<group>";
		};
		399EAAE51EC41DD000B81041 = {
			isa = PBXGroup;
			children = (
				396B025220BFDA6E00C09B40 /* Classes */,
				399EAAF01EC41DD000B81041 /* SYBadgeButton */,
				399EAAEF1EC41DD000B81041 /* Products */,
			);
			sourceTree = "<group>";
		};
		399EAAEF1EC41DD000B81041 /* Products */ = {
			isa = PBXGroup;
			children = (
				399EAAEE1EC41DD000B81041 /* SYBadgeButton.app */,
			);
			name = Products;
			sourceTree = "<group>";
		};
		399EAAF01EC41DD000B81041 /* SYBadgeButton */ = {
			isa = PBXGroup;
			children = (
				399EAAF11EC41DD000B81041 /* AppDelegate.swift */,
				399EAAF31EC41DD000B81041 /* ViewController.swift */,
				399EAAF51EC41DD000B81041 /* Main.storyboard */,
				399EAAF81EC41DD000B81041 /* Assets.xcassets */,
				399EAAFA1EC41DD000B81041 /* LaunchScreen.storyboard */,
				399EAAFD1EC41DD000B81041 /* Info.plist */,
				397ECA6F20C8DD9200285161 /* SYBadgeButton.podspec */,
			);
			path = SYBadgeButton;
			sourceTree = "<group>";
		};
/* End PBXGroup section */

/* Begin PBXNativeTarget section */
		399EAAED1EC41DD000B81041 /* SYBadgeButton */ = {
			isa = PBXNativeTarget;
			buildConfigurationList = 399EAB001EC41DD000B81041 /* Build configuration list for PBXNativeTarget "SYBadgeButton" */;
			buildPhases = (
				399EAAEA1EC41DD000B81041 /* Sources */,
				399EAAEB1EC41DD000B81041 /* Frameworks */,
				399EAAEC1EC41DD000B81041 /* Resources */,
			);
			buildRules = (
			);
			dependencies = (
			);
			name = SYBadgeButton;
			productName = SYBadgeButton;
			productReference = 399EAAEE1EC41DD000B81041 /* SYBadgeButton.app */;
			productType = "com.apple.product-type.application";
		};
/* End PBXNativeTarget section */

/* Begin PBXProject section */
		399EAAE61EC41DD000B81041 /* Project object */ = {
			isa = PBXProject;
			attributes = {
				LastSwiftUpdateCheck = 0830;
				LastUpgradeCheck = 1140;
				ORGANIZATIONNAME = squid;
				TargetAttributes = {
					399EAAED1EC41DD000B81041 = {
						CreatedOnToolsVersion = 8.3.2;
						LastSwiftMigration = 1140;
						ProvisioningStyle = Automatic;
					};
				};
			};
			buildConfigurationList = 399EAAE91EC41DD000B81041 /* Build configuration list for PBXProject "SYBadgeButton" */;
			compatibilityVersion = "Xcode 3.2";
			developmentRegion = en;
			hasScannedForEncodings = 0;
			knownRegions = (
				en,
				Base,
			);
			mainGroup = 399EAAE51EC41DD000B81041;
			productRefGroup = 399EAAEF1EC41DD000B81041 /* Products */;
			projectDirPath = "";
			projectRoot = "";
			targets = (
				399EAAED1EC41DD000B81041 /* SYBadgeButton */,
			);
		};
/* End PBXProject section */

/* Begin PBXResourcesBuildPhase section */
		399EAAEC1EC41DD000B81041 /* Resources */ = {
			isa = PBXResourcesBuildPhase;
			buildActionMask = 2147483647;
			files = (
				397ECA7020C8DD9200285161 /* SYBadgeButton.podspec in Resources */,
				399EAAFC1EC41DD000B81041 /* LaunchScreen.storyboard in Resources */,
				399EAAF91EC41DD000B81041 /* Assets.xcassets in Resources */,
				399EAAF71EC41DD000B81041 /* Main.storyboard in Resources */,
			);
			runOnlyForDeploymentPostprocessing = 0;
		};
/* End PBXResourcesBuildPhase section */

/* Begin PBXSourcesBuildPhase section */
		399EAAEA1EC41DD000B81041 /* Sources */ = {
			isa = PBXSourcesBuildPhase;
			buildActionMask = 2147483647;
			files = (
				399EAAF41EC41DD000B81041 /* ViewController.swift in Sources */,
				399EAB041EC4386000B81041 /* SYBadgeButton.swift in Sources */,
				399EAAF21EC41DD000B81041 /* AppDelegate.swift in Sources */,
			);
			runOnlyForDeploymentPostprocessing = 0;
		};
/* End PBXSourcesBuildPhase section */

/* Begin PBXVariantGroup section */
		399EAAF51EC41DD000B81041 /* Main.storyboard */ = {
			isa = PBXVariantGroup;
			children = (
				399EAAF61EC41DD000B81041 /* Base */,
			);
			name = Main.storyboard;
			sourceTree = "<group>";
		};
		399EAAFA1EC41DD000B81041 /* LaunchScreen.storyboard */ = {
			isa = PBXVariantGroup;
			children = (
				399EAAFB1EC41DD000B81041 /* Base */,
			);
			name = LaunchScreen.storyboard;
			sourceTree = "<group>";
		};
/* End PBXVariantGroup section */

/* Begin XCBuildConfiguration section */
		399EAAFE1EC41DD000B81041 /* Debug */ = {
			isa = XCBuildConfiguration;
			buildSettings = {
				ALWAYS_SEARCH_USER_PATHS = NO;
				CLANG_ANALYZER_NONNULL = YES;
				CLANG_ANALYZER_NUMBER_OBJECT_CONVERSION = YES_AGGRESSIVE;
				CLANG_CXX_LANGUAGE_STANDARD = "gnu++0x";
				CLANG_CXX_LIBRARY = "libc++";
				CLANG_ENABLE_MODULES = YES;
				CLANG_ENABLE_OBJC_ARC = YES;
				CLANG_WARN_BLOCK_CAPTURE_AUTORELEASING = YES;
				CLANG_WARN_BOOL_CONVERSION = YES;
				CLANG_WARN_COMMA = YES;
				CLANG_WARN_CONSTANT_CONVERSION = YES;
				CLANG_WARN_DEPRECATED_OBJC_IMPLEMENTATIONS = YES;
				CLANG_WARN_DIRECT_OBJC_ISA_USAGE = YES_ERROR;
				CLANG_WARN_DOCUMENTATION_COMMENTS = YES;
				CLANG_WARN_EMPTY_BODY = YES;
				CLANG_WARN_ENUM_CONVERSION = YES;
				CLANG_WARN_INFINITE_RECURSION = YES;
				CLANG_WARN_INT_CONVERSION = YES;
				CLANG_WARN_NON_LITERAL_NULL_CONVERSION = YES;
				CLANG_WARN_OBJC_IMPLICIT_RETAIN_SELF = YES;
				CLANG_WARN_OBJC_LITERAL_CONVERSION = YES;
				CLANG_WARN_OBJC_ROOT_CLASS = YES_ERROR;
				CLANG_WARN_RANGE_LOOP_ANALYSIS = YES;
				CLANG_WARN_STRICT_PROTOTYPES = YES;
				CLANG_WARN_SUSPICIOUS_MOVE = YES;
				CLANG_WARN_UNREACHABLE_CODE = YES;
				CLANG_WARN__DUPLICATE_METHOD_MATCH = YES;
				"CODE_SIGN_IDENTITY[sdk=iphoneos*]" = "iPhone Developer";
				COPY_PHASE_STRIP = NO;
				DEBUG_INFORMATION_FORMAT = dwarf;
				ENABLE_STRICT_OBJC_MSGSEND = YES;
				ENABLE_TESTABILITY = YES;
				GCC_C_LANGUAGE_STANDARD = gnu99;
				GCC_DYNAMIC_NO_PIC = NO;
				GCC_NO_COMMON_BLOCKS = YES;
				GCC_OPTIMIZATION_LEVEL = 0;
				GCC_PREPROCESSOR_DEFINITIONS = (
					"DEBUG=1",
					"$(inherited)",
				);
				GCC_WARN_64_TO_32_BIT_CONVERSION = YES;
				GCC_WARN_ABOUT_RETURN_TYPE = YES_ERROR;
				GCC_WARN_UNDECLARED_SELECTOR = YES;
				GCC_WARN_UNINITIALIZED_AUTOS = YES_AGGRESSIVE;
				GCC_WARN_UNUSED_FUNCTION = YES;
				GCC_WARN_UNUSED_VARIABLE = YES;
				IPHONEOS_DEPLOYMENT_TARGET = 10.3;
				MTL_ENABLE_DEBUG_INFO = YES;
				ONLY_ACTIVE_ARCH = YES;
				SDKROOT = iphoneos;
				SWIFT_ACTIVE_COMPILATION_CONDITIONS = DEBUG;
				SWIFT_OPTIMIZATION_LEVEL = "-Onone";
				SWIFT_SWIFT3_OBJC_INFERENCE = Default;
				SWIFT_VERSION = 5.0;
				TARGETED_DEVICE_FAMILY = "1,2";
			};
			name = Debug;
		};
		399EAAFF1EC41DD000B81041 /* Release */ = {
			isa = XCBuildConfiguration;
			buildSettings = {
				ALWAYS_SEARCH_USER_PATHS = NO;
				CLANG_ANALYZER_NONNULL = YES;
				CLANG_ANALYZER_NUMBER_OBJECT_CONVERSION = YES_AGGRESSIVE;
				CLANG_CXX_LANGUAGE_STANDARD = "gnu++0x";
				CLANG_CXX_LIBRARY = "libc++";
				CLANG_ENABLE_MODULES = YES;
				CLANG_ENABLE_OBJC_ARC = YES;
				CLANG_WARN_BLOCK_CAPTURE_AUTORELEASING = YES;
				CLANG_WARN_BOOL_CONVERSION = YES;
				CLANG_WARN_COMMA = YES;
				CLANG_WARN_CONSTANT_CONVERSION = YES;
				CLANG_WARN_DEPRECATED_OBJC_IMPLEMENTATIONS = YES;
				CLANG_WARN_DIRECT_OBJC_ISA_USAGE = YES_ERROR;
				CLANG_WARN_DOCUMENTATION_COMMENTS = YES;
				CLANG_WARN_EMPTY_BODY = YES;
				CLANG_WARN_ENUM_CONVERSION = YES;
				CLANG_WARN_INFINITE_RECURSION = YES;
				CLANG_WARN_INT_CONVERSION = YES;
				CLANG_WARN_NON_LITERAL_NULL_CONVERSION = YES;
				CLANG_WARN_OBJC_IMPLICIT_RETAIN_SELF = YES;
				CLANG_WARN_OBJC_LITERAL_CONVERSION = YES;
				CLANG_WARN_OBJC_ROOT_CLASS = YES_ERROR;
				CLANG_WARN_RANGE_LOOP_ANALYSIS = YES;
				CLANG_WARN_STRICT_PROTOTYPES = YES;
				CLANG_WARN_SUSPICIOUS_MOVE = YES;
				CLANG_WARN_UNREACHABLE_CODE = YES;
				CLANG_WARN__DUPLICATE_METHOD_MATCH = YES;
				"CODE_SIGN_IDENTITY[sdk=iphoneos*]" = "iPhone Developer";
				COPY_PHASE_STRIP = NO;
				DEBUG_INFORMATION_FORMAT = "dwarf-with-dsym";
				ENABLE_NS_ASSERTIONS = NO;
				ENABLE_STRICT_OBJC_MSGSEND = YES;
				GCC_C_LANGUAGE_STANDARD = gnu99;
				GCC_NO_COMMON_BLOCKS = YES;
				GCC_WARN_64_TO_32_BIT_CONVERSION = YES;
				GCC_WARN_ABOUT_RETURN_TYPE = YES_ERROR;
				GCC_WARN_UNDECLARED_SELECTOR = YES;
				GCC_WARN_UNINITIALIZED_AUTOS = YES_AGGRESSIVE;
				GCC_WARN_UNUSED_FUNCTION = YES;
				GCC_WARN_UNUSED_VARIABLE = YES;
				IPHONEOS_DEPLOYMENT_TARGET = 10.3;
				MTL_ENABLE_DEBUG_INFO = NO;
				SDKROOT = iphoneos;
				SWIFT_OPTIMIZATION_LEVEL = "-Owholemodule";
				SWIFT_SWIFT3_OBJC_INFERENCE = Default;
				SWIFT_VERSION = 5.0;
				TARGETED_DEVICE_FAMILY = "1,2";
				VALIDATE_PRODUCT = YES;
			};
			name = Release;
		};
		399EAB011EC41DD000B81041 /* Debug */ = {
			isa = XCBuildConfiguration;
			buildSettings = {
				ASSETCATALOG_COMPILER_APPICON_NAME = AppIcon;
				CURRENT_PROJECT_VERSION = 6;
				INFOPLIST_FILE = SYBadgeButton/Info.plist;
				LD_RUNPATH_SEARCH_PATHS = "$(inherited) @executable_path/Frameworks";
				MARKETING_VERSION = 1.1.0;
				PRODUCT_BUNDLE_IDENTIFIER = squidyu.SYBadgeButton;
				PRODUCT_NAME = "$(TARGET_NAME)";
				SWIFT_SWIFT3_OBJC_INFERENCE = Default;
				SWIFT_VERSION = 5.0;
			};
			name = Debug;
		};
		399EAB021EC41DD000B81041 /* Release */ = {
			isa = XCBuildConfiguration;
			buildSettings = {
				ASSETCATALOG_COMPILER_APPICON_NAME = AppIcon;
				CURRENT_PROJECT_VERSION = 6;
				INFOPLIST_FILE = SYBadgeButton/Info.plist;
				LD_RUNPATH_SEARCH_PATHS = "$(inherited) @executable_path/Frameworks";
				MARKETING_VERSION = 1.1.0;
				PRODUCT_BUNDLE_IDENTIFIER = squidyu.SYBadgeButton;
				PRODUCT_NAME = "$(TARGET_NAME)";
				SWIFT_SWIFT3_OBJC_INFERENCE = Default;
				SWIFT_VERSION = 5.0;
			};
			name = Release;
		};
/* End XCBuildConfiguration section */

/* Begin XCConfigurationList section */
		399EAAE91EC41DD000B81041 /* Build configuration list for PBXProject "SYBadgeButton" */ = {
			isa = XCConfigurationList;
			buildConfigurations = (
				399EAAFE1EC41DD000B81041 /* Debug */,
				399EAAFF1EC41DD000B81041 /* Release */,
			);
			defaultConfigurationIsVisible = 0;
			defaultConfigurationName = Release;
		};
		399EAB001EC41DD000B81041 /* Build configuration list for PBXNativeTarget "SYBadgeButton" */ = {
			isa = XCConfigurationList;
			buildConfigurations = (
				399EAB011EC41DD000B81041 /* Debug */,
				399EAB021EC41DD000B81041 /* Release */,
			);
			defaultConfigurationIsVisible = 0;
			defaultConfigurationName = Release;
		};
/* End XCConfigurationList section */
	};
	rootObject = 399EAAE61EC41DD000B81041 /* Project object */;
}
